
Microsoft Visual Studio Solution File, Format Version 12.00
# Visual Studio Version 16
VisualStudioVersion = 16.0.34931.43
MinimumVisualStudioVersion = 10.0.40219.1
Project("{FAE04EC0-301F-11D3-BF4B-00C04F79EFBC}") = "backoff", "backoff\backoff.csproj", "{5950CC73-D68A-49BF-8F3A-75A88AC602D1}"
EndProject
Global
	GlobalSection(SolutionConfigurationPlatforms) = preSolution
		Debug|Any CPU = Debug|Any CPU
		Release|Any CPU = Release|Any CPU
	EndGlobalSection
	GlobalSection(ProjectConfigurationPlatforms) = postSolution
		{5950CC73-D68A-49BF-8F3A-75A88AC602D1}.Debug|Any CPU.ActiveCfg = Debug|Any CPU
		{5950CC73-D68A-49BF-8F3A-75A88AC602D1}.Debug|Any CPU.Build.0 = Debug|Any CPU
		{5950CC73-D68A-49BF-8F3A-75A88AC602D1}.Release|Any CPU.ActiveCfg = Release|Any CPU
		{5950CC73-D68A-49BF-8F3A-75A88AC602D1}.Release|Any CPU.Build.0 = Release|Any CPU
	EndGlobalSection
	GlobalSection(SolutionProperties) = preSolution
		HideSolutionNode = FALSE
	EndGlobalSection
	GlobalSection(ExtensibilityGlobals) = postSolution
		SolutionGuid = {89A32660-2CCE-45E7-8427-3F302DF91B1B}
	EndGlobalSection
EndGlobal
